
Microsoft Visual Studio Solution File, Format Version 12.00
# Visual Studio Version 17
VisualStudioVersion = 17.3.32901.215
MinimumVisualStudioVersion = 10.0.40219.1
Project("{FAE04EC0-301F-11D3-BF4B-00C04F79EFBC}") = "WpfBasics", "WpfBasics\WpfBasics.csproj", "{7BC10C9B-0AFE-4842-9D60-72A8E18891BA}"
EndProject
Global
	GlobalSection(SolutionConfigurationPlatforms) = preSolution
		Debug|Any CPU = Debug|Any CPU
		Release|Any CPU = Release|Any CPU
	EndGlobalSection
	GlobalSection(ProjectConfigurationPlatforms) = postSolution
		{7BC10C9B-0AFE-4842-9D60-72A8E18891BA}.Debug|Any CPU.ActiveCfg = Debug|Any CPU
		{7BC10C9B-0AFE-4842-9D60-72A8E18891BA}.Debug|Any CPU.Build.0 = Debug|Any CPU
		{7BC10C9B-0AFE-4842-9D60-72A8E18891BA}.Release|Any CPU.ActiveCfg = Release|Any CPU
		{7BC10C9B-0AFE-4842-9D60-72A8E18891BA}.Release|Any CPU.Build.0 = Release|Any CPU
	EndGlobalSection
	GlobalSection(SolutionProperties) = preSolution
		HideSolutionNode = FALSE
	EndGlobalSection
	GlobalSection(ExtensibilityGlobals) = postSolution
		SolutionGuid = {A272FDFC-C8BD-4750-BD99-8FBE5060A410}
	EndGlobalSection
EndGlobal
